// !$*UTF8*$!
{
	archiveVersion = 1;
	classes = {
	};
	objectVersion = 56;
	objects = {

/* Begin PBXBuildFile section */
		E90A66092994D13C007AA27F /* MatchDetailsTableViewCell.swift in Sources */ = {isa = PBXBuildFile; fileRef = E90A66082994D13C007AA27F /* MatchDetailsTableViewCell.swift */; };
		E90A660B2994D689007AA27F /* MatchDetailsViewModel.swift in Sources */ = {isa = PBXBuildFile; fileRef = E90A660A2994D689007AA27F /* MatchDetailsViewModel.swift */; };
		E98A153A299246910024A749 /* AppDelegate.swift in Sources */ = {isa = PBXBuildFile; fileRef = E98A1539299246910024A749 /* AppDelegate.swift */; };
		E98A153C299246910024A749 /* SceneDelegate.swift in Sources */ = {isa = PBXBuildFile; fileRef = E98A153B299246910024A749 /* SceneDelegate.swift */; };
		E98A153E299246910024A749 /* ViewController.swift in Sources */ = {isa = PBXBuildFile; fileRef = E98A153D299246910024A749 /* ViewController.swift */; };
		E98A1541299246910024A749 /* Main.storyboard in Resources */ = {isa = PBXBuildFile; fileRef = E98A153F299246910024A749 /* Main.storyboard */; };
		E98A1543299246920024A749 /* Assets.xcassets in Resources */ = {isa = PBXBuildFile; fileRef = E98A1542299246920024A749 /* Assets.xcassets */; };
		E98A1546299246920024A749 /* LaunchScreen.storyboard in Resources */ = {isa = PBXBuildFile; fileRef = E98A1544299246920024A749 /* LaunchScreen.storyboard */; };
		E98A154F29924D380024A749 /* MatchData.swift in Sources */ = {isa = PBXBuildFile; fileRef = E98A154E29924D380024A749 /* MatchData.swift */; };
		E98A155629925B4D0024A749 /* MatchFixtureViewModel.swift in Sources */ = {isa = PBXBuildFile; fileRef = E98A155529925B4D0024A749 /* MatchFixtureViewModel.swift */; };
		E98A155929925C290024A749 /* MatchFixtureTableViewCell.swift in Sources */ = {isa = PBXBuildFile; fileRef = E98A155729925C290024A749 /* MatchFixtureTableViewCell.swift */; };
		E98A155A29925C290024A749 /* MatchFixtureTableViewCell.xib in Resources */ = {isa = PBXBuildFile; fileRef = E98A155829925C290024A749 /* MatchFixtureTableViewCell.xib */; };
		E9D2A37A2993650C00F14FD3 /* MatchFixtureViewController.swift in Sources */ = {isa = PBXBuildFile; fileRef = E9D2A3792993650C00F14FD3 /* MatchFixtureViewController.swift */; };
		E9D2A37D29937CCC00F14FD3 /* ApiManager.swift in Sources */ = {isa = PBXBuildFile; fileRef = E9D2A37C29937CCC00F14FD3 /* ApiManager.swift */; };
		E9D2A3802994CE2E00F14FD3 /* MatchDetailsViewController.swift in Sources */ = {isa = PBXBuildFile; fileRef = E9D2A37F2994CE2E00F14FD3 /* MatchDetailsViewController.swift */; };
/* End PBXBuildFile section */

/* Begin PBXFileReference section */
		E90A66082994D13C007AA27F /* MatchDetailsTableViewCell.swift */ = {isa = PBXFileReference; lastKnownFileType = sourcecode.swift; path = MatchDetailsTableViewCell.swift; sourceTree = "<group>"; };
		E90A660A2994D689007AA27F /* MatchDetailsViewModel.swift */ = {isa = PBXFileReference; lastKnownFileType = sourcecode.swift; path = MatchDetailsViewModel.swift; sourceTree = "<group>"; };
		E98A1536299246910024A749 /* Sportz.app */ = {isa = PBXFileReference; explicitFileType = wrapper.application; includeInIndex = 0; path = Sportz.app; sourceTree = BUILT_PRODUCTS_DIR; };
		E98A1539299246910024A749 /* AppDelegate.swift */ = {isa = PBXFileReference; lastKnownFileType = sourcecode.swift; path = AppDelegate.swift; sourceTree = "<group>"; };
		E98A153B299246910024A749 /* SceneDelegate.swift */ = {isa = PBXFileReference; lastKnownFileType = sourcecode.swift; path = SceneDelegate.swift; sourceTree = "<group>"; };
		E98A153D299246910024A749 /* ViewController.swift */ = {isa = PBXFileReference; lastKnownFileType = sourcecode.swift; path = ViewController.swift; sourceTree = "<group>"; };
		E98A1540299246910024A749 /* Base */ = {isa = PBXFileReference; lastKnownFileType = file.storyboard; name = Base; path = Base.lproj/Main.storyboard; sourceTree = "<group>"; };
		E98A1542299246920024A749 /* Assets.xcassets */ = {isa = PBXFileReference; lastKnownFileType = folder.assetcatalog; path = Assets.xcassets; sourceTree = "<group>"; };
		E98A1545299246920024A749 /* Base */ = {isa = PBXFileReference; lastKnownFileType = file.storyboard; name = Base; path = Base.lproj/LaunchScreen.storyboard; sourceTree = "<group>"; };
		E98A1547299246920024A749 /* Info.plist */ = {isa = PBXFileReference; lastKnownFileType = text.plist.xml; path = Info.plist; sourceTree = "<group>"; };
		E98A154E29924D380024A749 /* MatchData.swift */ = {isa = PBXFileReference; lastKnownFileType = sourcecode.swift; path = MatchData.swift; sourceTree = "<group>"; };
		E98A155529925B4D0024A749 /* MatchFixtureViewModel.swift */ = {isa = PBXFileReference; lastKnownFileType = sourcecode.swift; path = MatchFixtureViewModel.swift; sourceTree = "<group>"; };
		E98A155729925C290024A749 /* MatchFixtureTableViewCell.swift */ = {isa = PBXFileReference; lastKnownFileType = sourcecode.swift; path = MatchFixtureTableViewCell.swift; sourceTree = "<group>"; };
		E98A155829925C290024A749 /* MatchFixtureTableViewCell.xib */ = {isa = PBXFileReference; lastKnownFileType = file.xib; path = MatchFixtureTableViewCell.xib; sourceTree = "<group>"; };
		E9D2A3792993650C00F14FD3 /* MatchFixtureViewController.swift */ = {isa = PBXFileReference; fileEncoding = 4; lastKnownFileType = sourcecode.swift; name = MatchFixtureViewController.swift; path = Sportz/ViewController/MatchFixtureViewController.swift; sourceTree = SOURCE_ROOT; };
		E9D2A37C29937CCC00F14FD3 /* ApiManager.swift */ = {isa = PBXFileReference; lastKnownFileType = sourcecode.swift; path = ApiManager.swift; sourceTree = "<group>"; };
		E9D2A37F2994CE2E00F14FD3 /* MatchDetailsViewController.swift */ = {isa = PBXFileReference; lastKnownFileType = sourcecode.swift; path = MatchDetailsViewController.swift; sourceTree = "<group>"; };
/* End PBXFileReference section */

/* Begin PBXFrameworksBuildPhase section */
		E98A1533299246910024A749 /* Frameworks */ = {
			isa = PBXFrameworksBuildPhase;
			buildActionMask = 2147483647;
			files = (
			);
			runOnlyForDeploymentPostprocessing = 0;
		};
/* End PBXFrameworksBuildPhase section */

/* Begin PBXGroup section */
		E98A152D299246910024A749 = {
			isa = PBXGroup;
			children = (
				E98A1538299246910024A749 /* Sportz */,
				E98A1537299246910024A749 /* Products */,
			);
			sourceTree = "<group>";
		};
		E98A1537299246910024A749 /* Products */ = {
			isa = PBXGroup;
			children = (
				E98A1536299246910024A749 /* Sportz.app */,
			);
			name = Products;
			sourceTree = "<group>";
		};
		E98A1538299246910024A749 /* Sportz */ = {
			isa = PBXGroup;
			children = (
				E9D2A37E2994CD7C00F14FD3 /* MatchDetails */,
				E9D2A37B29937C9E00F14FD3 /* ApiManager */,
				E98A1550299253AF0024A749 /* MatchFixture */,
				E98A154D29924CE70024A749 /* MatchData */,
				E98A1539299246910024A749 /* AppDelegate.swift */,
				E98A153B299246910024A749 /* SceneDelegate.swift */,
				E98A153D299246910024A749 /* ViewController.swift */,
				E98A153F299246910024A749 /* Main.storyboard */,
				E98A1542299246920024A749 /* Assets.xcassets */,
				E98A1544299246920024A749 /* LaunchScreen.storyboard */,
				E98A1547299246920024A749 /* Info.plist */,
			);
			path = Sportz;
			sourceTree = "<group>";
		};
		E98A154D29924CE70024A749 /* MatchData */ = {
			isa = PBXGroup;
			children = (
				E98A154E29924D380024A749 /* MatchData.swift */,
			);
			path = MatchData;
			sourceTree = "<group>";
		};
		E98A1550299253AF0024A749 /* MatchFixture */ = {
			isa = PBXGroup;
			children = (
				E9D2A3792993650C00F14FD3 /* MatchFixtureViewController.swift */,
				E98A155529925B4D0024A749 /* MatchFixtureViewModel.swift */,
				E98A155729925C290024A749 /* MatchFixtureTableViewCell.swift */,
				E98A155829925C290024A749 /* MatchFixtureTableViewCell.xib */,
			);
			path = MatchFixture;
			sourceTree = "<group>";
		};
		E9D2A37B29937C9E00F14FD3 /* ApiManager */ = {
			isa = PBXGroup;
			children = (
				E9D2A37C29937CCC00F14FD3 /* ApiManager.swift */,
			);
			path = ApiManager;
			sourceTree = "<group>";
		};
		E9D2A37E2994CD7C00F14FD3 /* MatchDetails */ = {
			isa = PBXGroup;
			children = (
				E9D2A37F2994CE2E00F14FD3 /* MatchDetailsViewController.swift */,
				E90A66082994D13C007AA27F /* MatchDetailsTableViewCell.swift */,
				E90A660A2994D689007AA27F /* MatchDetailsViewModel.swift */,
			);
			path = MatchDetails;
			sourceTree = "<group>";
		};
/* End PBXGroup section */

/* Begin PBXNativeTarget section */
		E98A1535299246910024A749 /* Sportz */ = {
			isa = PBXNativeTarget;
			buildConfigurationList = E98A154A299246920024A749 /* Build configuration list for PBXNativeTarget "Sportz" */;
			buildPhases = (
				E98A1532299246910024A749 /* Sources */,
				E98A1533299246910024A749 /* Frameworks */,
				E98A1534299246910024A749 /* Resources */,
			);
			buildRules = (
			);
			dependencies = (
			);
			name = Sportz;
			productName = Sportz;
			productReference = E98A1536299246910024A749 /* Sportz.app */;
			productType = "com.apple.product-type.application";
		};
/* End PBXNativeTarget section */

/* Begin PBXProject section */
		E98A152E299246910024A749 /* Project object */ = {
			isa = PBXProject;
			attributes = {
				BuildIndependentTargetsInParallel = 1;
				LastSwiftUpdateCheck = 1410;
				LastUpgradeCheck = 1410;
				TargetAttributes = {
					E98A1535299246910024A749 = {
						CreatedOnToolsVersion = 14.1;
					};
				};
			};
			buildConfigurationList = E98A1531299246910024A749 /* Build configuration list for PBXProject "Sportz" */;
			compatibilityVersion = "Xcode 14.0";
			developmentRegion = en;
			hasScannedForEncodings = 0;
			knownRegions = (
				en,
				Base,
			);
			mainGroup = E98A152D299246910024A749;
			productRefGroup = E98A1537299246910024A749 /* Products */;
			projectDirPath = "";
			projectRoot = "";
			targets = (
				E98A1535299246910024A749 /* Sportz */,
			);
		};
/* End PBXProject section */

/* Begin PBXResourcesBuildPhase section */
		E98A1534299246910024A749 /* Resources */ = {
			isa = PBXResourcesBuildPhase;
			buildActionMask = 2147483647;
			files = (
				E98A1546299246920024A749 /* LaunchScreen.storyboard in Resources */,
				E98A155A29925C290024A749 /* MatchFixtureTableViewCell.xib in Resources */,
				E98A1543299246920024A749 /* Assets.xcassets in Resources */,
				E98A1541299246910024A749 /* Main.storyboard in Resources */,
			);
			runOnlyForDeploymentPostprocessing = 0;
		};
/* End PBXResourcesBuildPhase section */

/* Begin PBXSourcesBuildPhase section */
		E98A1532299246910024A749 /* Sources */ = {
			isa = PBXSourcesBuildPhase;
			buildActionMask = 2147483647;
			files = (
				E9D2A37D29937CCC00F14FD3 /* ApiManager.swift in Sources */,
				E98A155629925B4D0024A749 /* MatchFixtureViewModel.swift in Sources */,
				E98A153E299246910024A749 /* ViewController.swift in Sources */,
				E98A155929925C290024A749 /* MatchFixtureTableViewCell.swift in Sources */,
				E9D2A37A2993650C00F14FD3 /* MatchFixtureViewController.swift in Sources */,
				E9D2A3802994CE2E00F14FD3 /* MatchDetailsViewController.swift in Sources */,
				E90A66092994D13C007AA27F /* MatchDetailsTableViewCell.swift in Sources */,
				E98A154F29924D380024A749 /* MatchData.swift in Sources */,
				E98A153A299246910024A749 /* AppDelegate.swift in Sources */,
				E98A153C299246910024A749 /* SceneDelegate.swift in Sources */,
				E90A660B2994D689007AA27F /* MatchDetailsViewModel.swift in Sources */,
			);
			runOnlyForDeploymentPostprocessing = 0;
		};
/* End PBXSourcesBuildPhase section */

/* Begin PBXVariantGroup section */
		E98A153F299246910024A749 /* Main.storyboard */ = {
			isa = PBXVariantGroup;
			children = (
				E98A1540299246910024A749 /* Base */,
			);
			name = Main.storyboard;
			sourceTree = "<group>";
		};
		E98A1544299246920024A749 /* LaunchScreen.storyboard */ = {
			isa = PBXVariantGroup;
			children = (
				E98A1545299246920024A749 /* Base */,
			);
			name = LaunchScreen.storyboard;
			sourceTree = "<group>";
		};
/* End PBXVariantGroup section */

/* Begin XCBuildConfiguration section */
		E98A1548299246920024A749 /* Debug */ = {
			isa = XCBuildConfiguration;
			buildSettings = {
				ALWAYS_SEARCH_USER_PATHS = NO;
				CLANG_ANALYZER_NONNULL = YES;
				CLANG_ANALYZER_NUMBER_OBJECT_CONVERSION = YES_AGGRESSIVE;
				CLANG_CXX_LANGUAGE_STANDARD = "gnu++20";
				CLANG_ENABLE_MODULES = YES;
				CLANG_ENABLE_OBJC_ARC = YES;
				CLANG_ENABLE_OBJC_WEAK = YES;
				CLANG_WARN_BLOCK_CAPTURE_AUTORELEASING = YES;
				CLANG_WARN_BOOL_CONVERSION = YES;
				CLANG_WARN_COMMA = YES;
				CLANG_WARN_CONSTANT_CONVERSION = YES;
				CLANG_WARN_DEPRECATED_OBJC_IMPLEMENTATIONS = YES;
				CLANG_WARN_DIRECT_OBJC_ISA_USAGE = YES_ERROR;
				CLANG_WARN_DOCUMENTATION_COMMENTS = YES;
				CLANG_WARN_EMPTY_BODY = YES;
				CLANG_WARN_ENUM_CONVERSION = YES;
				CLANG_WARN_INFINITE_RECURSION = YES;
				CLANG_WARN_INT_CONVERSION = YES;
				CLANG_WARN_NON_LITERAL_NULL_CONVERSION = YES;
				CLANG_WARN_OBJC_IMPLICIT_RETAIN_SELF = YES;
				CLANG_WARN_OBJC_LITERAL_CONVERSION = YES;
				CLANG_WARN_OBJC_ROOT_CLASS = YES_ERROR;
				CLANG_WARN_QUOTED_INCLUDE_IN_FRAMEWORK_HEADER = YES;
				CLANG_WARN_RANGE_LOOP_ANALYSIS = YES;
				CLANG_WARN_STRICT_PROTOTYPES = YES;
				CLANG_WARN_SUSPICIOUS_MOVE = YES;
				CLANG_WARN_UNGUARDED_AVAILABILITY = YES_AGGRESSIVE;
				CLANG_WARN_UNREACHABLE_CODE = YES;
				CLANG_WARN__DUPLICATE_METHOD_MATCH = YES;
				COPY_PHASE_STRIP = NO;
				DEBUG_INFORMATION_FORMAT = dwarf;
				ENABLE_STRICT_OBJC_MSGSEND = YES;
				ENABLE_TESTABILITY = YES;
				GCC_C_LANGUAGE_STANDARD = gnu11;
				GCC_DYNAMIC_NO_PIC = NO;
				GCC_NO_COMMON_BLOCKS = YES;
				GCC_OPTIMIZATION_LEVEL = 0;
				GCC_PREPROCESSOR_DEFINITIONS = (
					"DEBUG=1",
					"$(inherited)",
				);
				GCC_WARN_64_TO_32_BIT_CONVERSION = YES;
				GCC_WARN_ABOUT_RETURN_TYPE = YES_ERROR;
				GCC_WARN_UNDECLARED_SELECTOR = YES;
				GCC_WARN_UNINITIALIZED_AUTOS = YES_AGGRESSIVE;
				GCC_WARN_UNUSED_FUNCTION = YES;
				GCC_WARN_UNUSED_VARIABLE = YES;
				IPHONEOS_DEPLOYMENT_TARGET = 16.1;
				MTL_ENABLE_DEBUG_INFO = INCLUDE_SOURCE;
				MTL_FAST_MATH = YES;
				ONLY_ACTIVE_ARCH = YES;
				SDKROOT = iphoneos;
				SWIFT_ACTIVE_COMPILATION_CONDITIONS = DEBUG;
				SWIFT_OPTIMIZATION_LEVEL = "-Onone";
			};
			name = Debug;
		};
		E98A1549299246920024A749 /* Release */ = {
			isa = XCBuildConfiguration;
			buildSettings = {
				ALWAYS_SEARCH_USER_PATHS = NO;
				CLANG_ANALYZER_NONNULL = YES;
				CLANG_ANALYZER_NUMBER_OBJECT_CONVERSION = YES_AGGRESSIVE;
				CLANG_CXX_LANGUAGE_STANDARD = "gnu++20";
				CLANG_ENABLE_MODULES = YES;
				CLANG_ENABLE_OBJC_ARC = YES;
				CLANG_ENABLE_OBJC_WEAK = YES;
				CLANG_WARN_BLOCK_CAPTURE_AUTORELEASING = YES;
				CLANG_WARN_BOOL_CONVERSION = YES;
				CLANG_WARN_COMMA = YES;
				CLANG_WARN_CONSTANT_CONVERSION = YES;
				CLANG_WARN_DEPRECATED_OBJC_IMPLEMENTATIONS = YES;
				CLANG_WARN_DIRECT_OBJC_ISA_USAGE = YES_ERROR;
				CLANG_WARN_DOCUMENTATION_COMMENTS = YES;
				CLANG_WARN_EMPTY_BODY = YES;
				CLANG_WARN_ENUM_CONVERSION = YES;
				CLANG_WARN_INFINITE_RECURSION = YES;
				CLANG_WARN_INT_CONVERSION = YES;
				CLANG_WARN_NON_LITERAL_NULL_CONVERSION = YES;
				CLANG_WARN_OBJC_IMPLICIT_RETAIN_SELF = YES;
				CLANG_WARN_OBJC_LITERAL_CONVERSION = YES;
				CLANG_WARN_OBJC_ROOT_CLASS = YES_ERROR;
				CLANG_WARN_QUOTED_INCLUDE_IN_FRAMEWORK_HEADER = YES;
				CLANG_WARN_RANGE_LOOP_ANALYSIS = YES;
				CLANG_WARN_STRICT_PROTOTYPES = YES;
				CLANG_WARN_SUSPICIOUS_MOVE = YES;
				CLANG_WARN_UNGUARDED_AVAILABILITY = YES_AGGRESSIVE;
				CLANG_WARN_UNREACHABLE_CODE = YES;
				CLANG_WARN__DUPLICATE_METHOD_MATCH = YES;
				COPY_PHASE_STRIP = NO;
				DEBUG_INFORMATION_FORMAT = "dwarf-with-dsym";
				ENABLE_NS_ASSERTIONS = NO;
				ENABLE_STRICT_OBJC_MSGSEND = YES;
				GCC_C_LANGUAGE_STANDARD = gnu11;
				GCC_NO_COMMON_BLOCKS = YES;
				GCC_WARN_64_TO_32_BIT_CONVERSION = YES;
				GCC_WARN_ABOUT_RETURN_TYPE = YES_ERROR;
				GCC_WARN_UNDECLARED_SELECTOR = YES;
				GCC_WARN_UNINITIALIZED_AUTOS = YES_AGGRESSIVE;
				GCC_WARN_UNUSED_FUNCTION = YES;
				GCC_WARN_UNUSED_VARIABLE = YES;
				IPHONEOS_DEPLOYMENT_TARGET = 16.1;
				MTL_ENABLE_DEBUG_INFO = NO;
				MTL_FAST_MATH = YES;
				SDKROOT = iphoneos;
				SWIFT_COMPILATION_MODE = wholemodule;
				SWIFT_OPTIMIZATION_LEVEL = "-O";
				VALIDATE_PRODUCT = YES;
			};
			name = Release;
		};
		E98A154B299246920024A749 /* Debug */ = {
			isa = XCBuildConfiguration;
			buildSettings = {
				ASSETCATALOG_COMPILER_APPICON_NAME = AppIcon;
				ASSETCATALOG_COMPILER_GLOBAL_ACCENT_COLOR_NAME = AccentColor;
				CODE_SIGN_STYLE = Automatic;
				CURRENT_PROJECT_VERSION = 1;
				DEVELOPMENT_TEAM = 6J3MPC8Q7Q;
				GENERATE_INFOPLIST_FILE = YES;
				INFOPLIST_FILE = Sportz/Info.plist;
				INFOPLIST_KEY_UIApplicationSupportsIndirectInputEvents = YES;
				INFOPLIST_KEY_UILaunchStoryboardName = LaunchScreen;
				INFOPLIST_KEY_UIMainStoryboardFile = Main;
				INFOPLIST_KEY_UISupportedInterfaceOrientations_iPad = "UIInterfaceOrientationPortrait UIInterfaceOrientationPortraitUpsideDown UIInterfaceOrientationLandscapeLeft UIInterfaceOrientationLandscapeRight";
				INFOPLIST_KEY_UISupportedInterfaceOrientations_iPhone = "UIInterfaceOrientationPortrait UIInterfaceOrientationLandscapeLeft UIInterfaceOrientationLandscapeRight";
				LD_RUNPATH_SEARCH_PATHS = (
					"$(inherited)",
					"@executable_path/Frameworks",
				);
				MARKETING_VERSION = 1.0;
				PRODUCT_BUNDLE_IDENTIFIER = Neosoft.Sportz;
				PRODUCT_NAME = "$(TARGET_NAME)";
				SWIFT_EMIT_LOC_STRINGS = YES;
				SWIFT_VERSION = 5.0;
				TARGETED_DEVICE_FAMILY = "1,2";
			};
			name = Debug;
		};
		E98A154C299246920024A749 /* Release */ = {
			isa = XCBuildConfiguration;
			buildSettings = {
				ASSETCATALOG_COMPILER_APPICON_NAME = AppIcon;
				ASSETCATALOG_COMPILER_GLOBAL_ACCENT_COLOR_NAME = AccentColor;
				CODE_SIGN_STYLE = Automatic;
				CURRENT_PROJECT_VERSION = 1;
				DEVELOPMENT_TEAM = 6J3MPC8Q7Q;
				GENERATE_INFOPLIST_FILE = YES;
				INFOPLIST_FILE = Sportz/Info.plist;
				INFOPLIST_KEY_UIApplicationSupportsIndirectInputEvents = YES;
				INFOPLIST_KEY_UILaunchStoryboardName = LaunchScreen;
				INFOPLIST_KEY_UIMainStoryboardFile = Main;
				INFOPLIST_KEY_UISupportedInterfaceOrientations_iPad = "UIInterfaceOrientationPortrait UIInterfaceOrientationPortraitUpsideDown UIInterfaceOrientationLandscapeLeft UIInterfaceOrientationLandscapeRight";
				INFOPLIST_KEY_UISupportedInterfaceOrientations_iPhone = "UIInterfaceOrientationPortrait UIInterfaceOrientationLandscapeLeft UIInterfaceOrientationLandscapeRight";
				LD_RUNPATH_SEARCH_PATHS = (
					"$(inherited)",
					"@executable_path/Frameworks",
				);
				MARKETING_VERSION = 1.0;
				PRODUCT_BUNDLE_IDENTIFIER = Neosoft.Sportz;
				PRODUCT_NAME = "$(TARGET_NAME)";
				SWIFT_EMIT_LOC_STRINGS = YES;
				SWIFT_VERSION = 5.0;
				TARGETED_DEVICE_FAMILY = "1,2";
			};
			name = Release;
		};
/* End XCBuildConfiguration section */

/* Begin XCConfigurationList section */
		E98A1531299246910024A749 /* Build configuration list for PBXProject "Sportz" */ = {
			isa = XCConfigurationList;
			buildConfigurations = (
				E98A1548299246920024A749 /* Debug */,
				E98A1549299246920024A749 /* Release */,
			);
			defaultConfigurationIsVisible = 0;
			defaultConfigurationName = Release;
		};
		E98A154A299246920024A749 /* Build configuration list for PBXNativeTarget "Sportz" */ = {
			isa = XCConfigurationList;
			buildConfigurations = (
				E98A154B299246920024A749 /* Debug */,
				E98A154C299246920024A749 /* Release */,
			);
			defaultConfigurationIsVisible = 0;
			defaultConfigurationName = Release;
		};
/* End XCConfigurationList section */
	};
	rootObject = E98A152E299246910024A749 /* Project object */;
}
